
Microsoft Visual Studio Solution File, Format Version 12.00
# Visual Studio Version 17
VisualStudioVersion = 17.12.35527.113
MinimumVisualStudioVersion = 10.0.40219.1
Project("{FAE04EC0-301F-11D3-BF4B-00C04F79EFBC}") = "Teste.API", "Teste.API\Teste.API.csproj", "{7C87A609-E008-44D3-B32A-AD70FC878390}"
EndProject
Project("{FAE04EC0-301F-11D3-BF4B-00C04F79EFBC}") = "Teste.Shared", "Teste.Shared\Teste.Shared.csproj", "{7036B733-B856-41B2-A945-B4C687BCC0D4}"
EndProject
Project("{FAE04EC0-301F-11D3-BF4B-00C04F79EFBC}") = "Teste.Infrastructure", "Teste.Infrastructure\Teste.Infrastructure.csproj", "{051B9FC8-5DFE-44B0-88BB-2832DBA35B7E}"
EndProject
Project("{FAE04EC0-301F-11D3-BF4B-00C04F79EFBC}") = "Teste.Application", "Teste.Application\Teste.Application.csproj", "{A8E90663-E98C-4BED-96BD-433516CD1482}"
EndProject
Global
	GlobalSection(SolutionConfigurationPlatforms) = preSolution
		Debug|Any CPU = Debug|Any CPU
		Release|Any CPU = Release|Any CPU
	EndGlobalSection
	GlobalSection(ProjectConfigurationPlatforms) = postSolution
		{7C87A609-E008-44D3-B32A-AD70FC878390}.Debug|Any CPU.ActiveCfg = Debug|Any CPU
		{7C87A609-E008-44D3-B32A-AD70FC878390}.Debug|Any CPU.Build.0 = Debug|Any CPU
		{7C87A609-E008-44D3-B32A-AD70FC878390}.Release|Any CPU.ActiveCfg = Release|Any CPU
		{7C87A609-E008-44D3-B32A-AD70FC878390}.Release|Any CPU.Build.0 = Release|Any CPU
		{7036B733-B856-41B2-A945-B4C687BCC0D4}.Debug|Any CPU.ActiveCfg = Debug|Any CPU
		{7036B733-B856-41B2-A945-B4C687BCC0D4}.Debug|Any CPU.Build.0 = Debug|Any CPU
		{7036B733-B856-41B2-A945-B4C687BCC0D4}.Release|Any CPU.ActiveCfg = Release|Any CPU
		{7036B733-B856-41B2-A945-B4C687BCC0D4}.Release|Any CPU.Build.0 = Release|Any CPU
		{051B9FC8-5DFE-44B0-88BB-2832DBA35B7E}.Debug|Any CPU.ActiveCfg = Debug|Any CPU
		{051B9FC8-5DFE-44B0-88BB-2832DBA35B7E}.Debug|Any CPU.Build.0 = Debug|Any CPU
		{051B9FC8-5DFE-44B0-88BB-2832DBA35B7E}.Release|Any CPU.ActiveCfg = Release|Any CPU
		{051B9FC8-5DFE-44B0-88BB-2832DBA35B7E}.Release|Any CPU.Build.0 = Release|Any CPU
		{A8E90663-E98C-4BED-96BD-433516CD1482}.Debug|Any CPU.ActiveCfg = Debug|Any CPU
		{A8E90663-E98C-4BED-96BD-433516CD1482}.Debug|Any CPU.Build.0 = Debug|Any CPU
		{A8E90663-E98C-4BED-96BD-433516CD1482}.Release|Any CPU.ActiveCfg = Release|Any CPU
		{A8E90663-E98C-4BED-96BD-433516CD1482}.Release|Any CPU.Build.0 = Release|Any CPU
	EndGlobalSection
	GlobalSection(SolutionProperties) = preSolution
		HideSolutionNode = FALSE
	EndGlobalSection
EndGlobal
